// !$*UTF8*$!
{
	archiveVersion = 1;
	classes = {
	};
	objectVersion = 56;
	objects = {

/* Begin PBXBuildFile section */
		99283C012BD2819E002959F0 /* UserManager.swift in Sources */ = {isa = PBXBuildFile; fileRef = 99283C002BD2819E002959F0 /* UserManager.swift */; };
		99297BC32BD11A480027169D /* AuthenticationOptionsViewModel.swift in Sources */ = {isa = PBXBuildFile; fileRef = 99297BC22BD11A480027169D /* AuthenticationOptionsViewModel.swift */; };
		99297BC52BD11A7F0027169D /* SignInWithEmailViewModel.swift in Sources */ = {isa = PBXBuildFile; fileRef = 99297BC42BD11A7F0027169D /* SignInWithEmailViewModel.swift */; };
		99297BC72BD11A980027169D /* SignUpWithEmailViewModel.swift in Sources */ = {isa = PBXBuildFile; fileRef = 99297BC62BD11A980027169D /* SignUpWithEmailViewModel.swift */; };
		99297BC92BD11AD00027169D /* ResetPasswordViewModel.swift in Sources */ = {isa = PBXBuildFile; fileRef = 99297BC82BD11AD00027169D /* ResetPasswordViewModel.swift */; };
		99297BCD2BD11B040027169D /* HomeViewModel.swift in Sources */ = {isa = PBXBuildFile; fileRef = 99297BCC2BD11B040027169D /* HomeViewModel.swift */; };
		99297BD12BD11B360027169D /* SettingsViewModel.swift in Sources */ = {isa = PBXBuildFile; fileRef = 99297BD02BD11B360027169D /* SettingsViewModel.swift */; };
		99297BD32BD11B570027169D /* ManageAccountViewModel.swift in Sources */ = {isa = PBXBuildFile; fileRef = 99297BD22BD11B570027169D /* ManageAccountViewModel.swift */; };
		99388F7F2BC935BC008342BD /* MyAppApp.swift in Sources */ = {isa = PBXBuildFile; fileRef = 99388F7E2BC935BC008342BD /* MyAppApp.swift */; };
		99388F832BC935BD008342BD /* Assets.xcassets in Resources */ = {isa = PBXBuildFile; fileRef = 99388F822BC935BD008342BD /* Assets.xcassets */; };
		99388F862BC935BD008342BD /* Preview Assets.xcassets in Resources */ = {isa = PBXBuildFile; fileRef = 99388F852BC935BD008342BD /* Preview Assets.xcassets */; };
		99388F8D2BC935C8008342BD /* GoogleService-Info.plist in Resources */ = {isa = PBXBuildFile; fileRef = 99388F8C2BC935C8008342BD /* GoogleService-Info.plist */; };
		99388F902BC93CE5008342BD /* FirebaseAnalytics in Frameworks */ = {isa = PBXBuildFile; productRef = 99388F8F2BC93CE5008342BD /* FirebaseAnalytics */; };
		99388F922BC93CE5008342BD /* FirebaseAnalyticsOnDeviceConversion in Frameworks */ = {isa = PBXBuildFile; productRef = 99388F912BC93CE5008342BD /* FirebaseAnalyticsOnDeviceConversion */; };
		99388F942BC93CE5008342BD /* FirebaseAnalyticsSwift in Frameworks */ = {isa = PBXBuildFile; productRef = 99388F932BC93CE5008342BD /* FirebaseAnalyticsSwift */; };
		99388F962BC93CE5008342BD /* FirebaseAnalyticsWithoutAdIdSupport in Frameworks */ = {isa = PBXBuildFile; productRef = 99388F952BC93CE5008342BD /* FirebaseAnalyticsWithoutAdIdSupport */; };
		99388F982BC93CE5008342BD /* FirebaseAppCheck in Frameworks */ = {isa = PBXBuildFile; productRef = 99388F972BC93CE5008342BD /* FirebaseAppCheck */; };
		99388F9A2BC93CE5008342BD /* FirebaseAppDistribution-Beta in Frameworks */ = {isa = PBXBuildFile; productRef = 99388F992BC93CE5008342BD /* FirebaseAppDistribution-Beta */; };
		99388F9C2BC93CE5008342BD /* FirebaseAuth in Frameworks */ = {isa = PBXBuildFile; productRef = 99388F9B2BC93CE5008342BD /* FirebaseAuth */; };
		99388F9E2BC93CE5008342BD /* FirebaseAuthCombine-Community in Frameworks */ = {isa = PBXBuildFile; productRef = 99388F9D2BC93CE5008342BD /* FirebaseAuthCombine-Community */; };
		99388FA02BC93CE5008342BD /* FirebaseCrashlytics in Frameworks */ = {isa = PBXBuildFile; productRef = 99388F9F2BC93CE5008342BD /* FirebaseCrashlytics */; };
		99388FA22BC93CE5008342BD /* FirebaseDatabase in Frameworks */ = {isa = PBXBuildFile; productRef = 99388FA12BC93CE5008342BD /* FirebaseDatabase */; };
		99388FA42BC93CE5008342BD /* FirebaseDatabaseSwift in Frameworks */ = {isa = PBXBuildFile; productRef = 99388FA32BC93CE5008342BD /* FirebaseDatabaseSwift */; };
		99388FA62BC93CE5008342BD /* FirebaseDynamicLinks in Frameworks */ = {isa = PBXBuildFile; productRef = 99388FA52BC93CE5008342BD /* FirebaseDynamicLinks */; };
		99388FA82BC93CE5008342BD /* FirebaseFirestore in Frameworks */ = {isa = PBXBuildFile; productRef = 99388FA72BC93CE5008342BD /* FirebaseFirestore */; };
		99388FAA2BC93CE5008342BD /* FirebaseFirestoreCombine-Community in Frameworks */ = {isa = PBXBuildFile; productRef = 99388FA92BC93CE5008342BD /* FirebaseFirestoreCombine-Community */; };
		99388FAC2BC93CE5008342BD /* FirebaseFirestoreSwift in Frameworks */ = {isa = PBXBuildFile; productRef = 99388FAB2BC93CE5008342BD /* FirebaseFirestoreSwift */; };
		99388FAE2BC93CE5008342BD /* FirebaseFunctions in Frameworks */ = {isa = PBXBuildFile; productRef = 99388FAD2BC93CE5008342BD /* FirebaseFunctions */; };
		99388FB02BC93CE5008342BD /* FirebaseFunctionsCombine-Community in Frameworks */ = {isa = PBXBuildFile; productRef = 99388FAF2BC93CE5008342BD /* FirebaseFunctionsCombine-Community */; };
		99388FB22BC93CE5008342BD /* FirebaseInAppMessaging-Beta in Frameworks */ = {isa = PBXBuildFile; productRef = 99388FB12BC93CE5008342BD /* FirebaseInAppMessaging-Beta */; };
		99388FB42BC93CE5008342BD /* FirebaseInAppMessagingSwift-Beta in Frameworks */ = {isa = PBXBuildFile; productRef = 99388FB32BC93CE5008342BD /* FirebaseInAppMessagingSwift-Beta */; };
		99388FB62BC93CE5008342BD /* FirebaseInstallations in Frameworks */ = {isa = PBXBuildFile; productRef = 99388FB52BC93CE5008342BD /* FirebaseInstallations */; };
		99388FB82BC93CE5008342BD /* FirebaseMLModelDownloader in Frameworks */ = {isa = PBXBuildFile; productRef = 99388FB72BC93CE5008342BD /* FirebaseMLModelDownloader */; };
		99388FBA2BC93CE5008342BD /* FirebaseMessaging in Frameworks */ = {isa = PBXBuildFile; productRef = 99388FB92BC93CE5008342BD /* FirebaseMessaging */; };
		99388FBC2BC93CE5008342BD /* FirebasePerformance in Frameworks */ = {isa = PBXBuildFile; productRef = 99388FBB2BC93CE5008342BD /* FirebasePerformance */; };
		99388FBE2BC93CE5008342BD /* FirebaseRemoteConfig in Frameworks */ = {isa = PBXBuildFile; productRef = 99388FBD2BC93CE5008342BD /* FirebaseRemoteConfig */; };
		99388FC02BC93CE5008342BD /* FirebaseRemoteConfigSwift in Frameworks */ = {isa = PBXBuildFile; productRef = 99388FBF2BC93CE5008342BD /* FirebaseRemoteConfigSwift */; };
		99388FC22BC93CE5008342BD /* FirebaseStorage in Frameworks */ = {isa = PBXBuildFile; productRef = 99388FC12BC93CE5008342BD /* FirebaseStorage */; };
		99388FC42BC93CE5008342BD /* FirebaseStorageCombine-Community in Frameworks */ = {isa = PBXBuildFile; productRef = 99388FC32BC93CE5008342BD /* FirebaseStorageCombine-Community */; };
		99388FC62BC93D3A008342BD /* AppDelegate.swift in Sources */ = {isa = PBXBuildFile; fileRef = 99388FC52BC93D3A008342BD /* AppDelegate.swift */; };
		99388FC92BC93FDC008342BD /* SignInWithEmailView.swift in Sources */ = {isa = PBXBuildFile; fileRef = 99388FC82BC93FDC008342BD /* SignInWithEmailView.swift */; };
		99388FCB2BC94143008342BD /* AuthenticationOptionsView.swift in Sources */ = {isa = PBXBuildFile; fileRef = 99388FCA2BC94143008342BD /* AuthenticationOptionsView.swift */; };
		99388FCE2BC94261008342BD /* AuthManager.swift in Sources */ = {isa = PBXBuildFile; fileRef = 99388FCD2BC94261008342BD /* AuthManager.swift */; };
		99388FD32BC94C10008342BD /* HomeView.swift in Sources */ = {isa = PBXBuildFile; fileRef = 99388FD22BC94C10008342BD /* HomeView.swift */; };
		99388FD52BC98D05008342BD /* SignUpWithEmailView.swift in Sources */ = {isa = PBXBuildFile; fileRef = 99388FD42BC98D05008342BD /* SignUpWithEmailView.swift */; };
		99388FD72BC9902E008342BD /* ResetPasswordView.swift in Sources */ = {isa = PBXBuildFile; fileRef = 99388FD62BC9902E008342BD /* ResetPasswordView.swift */; };
		99388FDA2BCA963E008342BD /* Coordinator.swift in Sources */ = {isa = PBXBuildFile; fileRef = 99388FD92BCA963E008342BD /* Coordinator.swift */; };
		99388FDC2BCA9651008342BD /* NavigationRouter.swift in Sources */ = {isa = PBXBuildFile; fileRef = 99388FDB2BCA9651008342BD /* NavigationRouter.swift */; };
		99388FDF2BCA96DD008342BD /* TabbarCoordinator.swift in Sources */ = {isa = PBXBuildFile; fileRef = 99388FDE2BCA96DD008342BD /* TabbarCoordinator.swift */; };
		99388FE12BCA96EA008342BD /* TabbarRouter.swift in Sources */ = {isa = PBXBuildFile; fileRef = 99388FE02BCA96EA008342BD /* TabbarRouter.swift */; };
		99388FE32BCA993A008342BD /* AppCoordinator.swift in Sources */ = {isa = PBXBuildFile; fileRef = 99388FE22BCA993A008342BD /* AppCoordinator.swift */; };
		99388FE72BCA9BED008342BD /* AppRouter.swift in Sources */ = {isa = PBXBuildFile; fileRef = 99388FE62BCA9BED008342BD /* AppRouter.swift */; };
		99388FEC2BCAA25A008342BD /* HomeFlowCoordinator.swift in Sources */ = {isa = PBXBuildFile; fileRef = 99388FEB2BCA9DCD008342BD /* HomeFlowCoordinator.swift */; };
		99388FED2BCAA25C008342BD /* HomeFlowRouter.swift in Sources */ = {isa = PBXBuildFile; fileRef = 99388FEA2BCA9DCD008342BD /* HomeFlowRouter.swift */; };
		9938B0A52BD3F71000D448B0 /* Coordinator+UIAlert.swift in Sources */ = {isa = PBXBuildFile; fileRef = 9938B0A42BD3F71000D448B0 /* Coordinator+UIAlert.swift */; };
		9938B0A72BD43B1600D448B0 /* Coordinator+AppTrackingTransparency.swift in Sources */ = {isa = PBXBuildFile; fileRef = 9938B0A62BD43B1500D448B0 /* Coordinator+AppTrackingTransparency.swift */; };
		997BB8C42BCE8B1F008BAD90 /* AuthenticationFlowCoordinator.swift in Sources */ = {isa = PBXBuildFile; fileRef = 997BB8C32BCE8B1F008BAD90 /* AuthenticationFlowCoordinator.swift */; };
		997BB8C72BCE8B2B008BAD90 /* AuthenticationFlowRouter.swift in Sources */ = {isa = PBXBuildFile; fileRef = 997BB8C62BCE8B2B008BAD90 /* AuthenticationFlowRouter.swift */; };
		997BB8C92BCE91EC008BAD90 /* SettingsView.swift in Sources */ = {isa = PBXBuildFile; fileRef = 997BB8C82BCE91DE008BAD90 /* SettingsView.swift */; };
		997BB8CD2BCE9229008BAD90 /* SettingsFlowCoordinator.swift in Sources */ = {isa = PBXBuildFile; fileRef = 997BB8CB2BCE9228008BAD90 /* SettingsFlowCoordinator.swift */; };
		997BB8CE2BCE9229008BAD90 /* SettingsFlowRouter.swift in Sources */ = {isa = PBXBuildFile; fileRef = 997BB8CC2BCE9228008BAD90 /* SettingsFlowRouter.swift */; };
		997BB8D02BD02494008BAD90 /* ManageAccountView.swift in Sources */ = {isa = PBXBuildFile; fileRef = 997BB8CF2BD02493008BAD90 /* ManageAccountView.swift */; };
/* End PBXBuildFile section */

/* Begin PBXFileReference section */
		99283C002BD2819E002959F0 /* UserManager.swift */ = {isa = PBXFileReference; lastKnownFileType = sourcecode.swift; path = UserManager.swift; sourceTree = "<group>"; };
		99297BC22BD11A480027169D /* AuthenticationOptionsViewModel.swift */ = {isa = PBXFileReference; lastKnownFileType = sourcecode.swift; path = AuthenticationOptionsViewModel.swift; sourceTree = "<group>"; };
		99297BC42BD11A7F0027169D /* SignInWithEmailViewModel.swift */ = {isa = PBXFileReference; lastKnownFileType = sourcecode.swift; path = SignInWithEmailViewModel.swift; sourceTree = "<group>"; };
		99297BC62BD11A980027169D /* SignUpWithEmailViewModel.swift */ = {isa = PBXFileReference; lastKnownFileType = sourcecode.swift; path = SignUpWithEmailViewModel.swift; sourceTree = "<group>"; };
		99297BC82BD11AD00027169D /* ResetPasswordViewModel.swift */ = {isa = PBXFileReference; lastKnownFileType = sourcecode.swift; path = ResetPasswordViewModel.swift; sourceTree = "<group>"; };
		99297BCC2BD11B040027169D /* HomeViewModel.swift */ = {isa = PBXFileReference; lastKnownFileType = sourcecode.swift; path = HomeViewModel.swift; sourceTree = "<group>"; };
		99297BD02BD11B360027169D /* SettingsViewModel.swift */ = {isa = PBXFileReference; lastKnownFileType = sourcecode.swift; path = SettingsViewModel.swift; sourceTree = "<group>"; };
		99297BD22BD11B570027169D /* ManageAccountViewModel.swift */ = {isa = PBXFileReference; lastKnownFileType = sourcecode.swift; path = ManageAccountViewModel.swift; sourceTree = "<group>"; };
		99388F7B2BC935BC008342BD /* MyApp.app */ = {isa = PBXFileReference; explicitFileType = wrapper.application; includeInIndex = 0; path = MyApp.app; sourceTree = BUILT_PRODUCTS_DIR; };
		99388F7E2BC935BC008342BD /* MyAppApp.swift */ = {isa = PBXFileReference; lastKnownFileType = sourcecode.swift; path = MyAppApp.swift; sourceTree = "<group>"; };
		99388F822BC935BD008342BD /* Assets.xcassets */ = {isa = PBXFileReference; lastKnownFileType = folder.assetcatalog; path = Assets.xcassets; sourceTree = "<group>"; };
		99388F852BC935BD008342BD /* Preview Assets.xcassets */ = {isa = PBXFileReference; lastKnownFileType = folder.assetcatalog; path = "Preview Assets.xcassets"; sourceTree = "<group>"; };
		99388F8C2BC935C8008342BD /* GoogleService-Info.plist */ = {isa = PBXFileReference; fileEncoding = 4; lastKnownFileType = text.plist.xml; name = "GoogleService-Info.plist"; path = "../../../../Downloads/GoogleService-Info.plist"; sourceTree = "<group>"; };
		99388FC52BC93D3A008342BD /* AppDelegate.swift */ = {isa = PBXFileReference; lastKnownFileType = sourcecode.swift; path = AppDelegate.swift; sourceTree = "<group>"; };
		99388FC82BC93FDC008342BD /* SignInWithEmailView.swift */ = {isa = PBXFileReference; lastKnownFileType = sourcecode.swift; path = SignInWithEmailView.swift; sourceTree = "<group>"; };
		99388FCA2BC94143008342BD /* AuthenticationOptionsView.swift */ = {isa = PBXFileReference; lastKnownFileType = sourcecode.swift; path = AuthenticationOptionsView.swift; sourceTree = "<group>"; };
		99388FCD2BC94261008342BD /* AuthManager.swift */ = {isa = PBXFileReference; lastKnownFileType = sourcecode.swift; path = AuthManager.swift; sourceTree = "<group>"; };
		99388FD22BC94C10008342BD /* HomeView.swift */ = {isa = PBXFileReference; lastKnownFileType = sourcecode.swift; path = HomeView.swift; sourceTree = "<group>"; };
		99388FD42BC98D05008342BD /* SignUpWithEmailView.swift */ = {isa = PBXFileReference; lastKnownFileType = sourcecode.swift; path = SignUpWithEmailView.swift; sourceTree = "<group>"; };
		99388FD62BC9902E008342BD /* ResetPasswordView.swift */ = {isa = PBXFileReference; lastKnownFileType = sourcecode.swift; path = ResetPasswordView.swift; sourceTree = "<group>"; };
		99388FD92BCA963E008342BD /* Coordinator.swift */ = {isa = PBXFileReference; lastKnownFileType = sourcecode.swift; path = Coordinator.swift; sourceTree = "<group>"; };
		99388FDB2BCA9651008342BD /* NavigationRouter.swift */ = {isa = PBXFileReference; lastKnownFileType = sourcecode.swift; path = NavigationRouter.swift; sourceTree = "<group>"; };
		99388FDE2BCA96DD008342BD /* TabbarCoordinator.swift */ = {isa = PBXFileReference; lastKnownFileType = sourcecode.swift; path = TabbarCoordinator.swift; sourceTree = "<group>"; };
		99388FE02BCA96EA008342BD /* TabbarRouter.swift */ = {isa = PBXFileReference; lastKnownFileType = sourcecode.swift; path = TabbarRouter.swift; sourceTree = "<group>"; };
		99388FE22BCA993A008342BD /* AppCoordinator.swift */ = {isa = PBXFileReference; lastKnownFileType = sourcecode.swift; path = AppCoordinator.swift; sourceTree = "<group>"; };
		99388FE62BCA9BED008342BD /* AppRouter.swift */ = {isa = PBXFileReference; lastKnownFileType = sourcecode.swift; path = AppRouter.swift; sourceTree = "<group>"; };
		99388FEA2BCA9DCD008342BD /* HomeFlowRouter.swift */ = {isa = PBXFileReference; lastKnownFileType = sourcecode.swift; path = HomeFlowRouter.swift; sourceTree = "<group>"; };
		99388FEB2BCA9DCD008342BD /* HomeFlowCoordinator.swift */ = {isa = PBXFileReference; lastKnownFileType = sourcecode.swift; path = HomeFlowCoordinator.swift; sourceTree = "<group>"; };
		9938B0A42BD3F71000D448B0 /* Coordinator+UIAlert.swift */ = {isa = PBXFileReference; lastKnownFileType = sourcecode.swift; path = "Coordinator+UIAlert.swift"; sourceTree = "<group>"; };
		9938B0A62BD43B1500D448B0 /* Coordinator+AppTrackingTransparency.swift */ = {isa = PBXFileReference; lastKnownFileType = sourcecode.swift; path = "Coordinator+AppTrackingTransparency.swift"; sourceTree = "<group>"; };
		997BB8C32BCE8B1F008BAD90 /* AuthenticationFlowCoordinator.swift */ = {isa = PBXFileReference; lastKnownFileType = sourcecode.swift; path = AuthenticationFlowCoordinator.swift; sourceTree = "<group>"; };
		997BB8C62BCE8B2B008BAD90 /* AuthenticationFlowRouter.swift */ = {isa = PBXFileReference; lastKnownFileType = sourcecode.swift; path = AuthenticationFlowRouter.swift; sourceTree = "<group>"; };
		997BB8C82BCE91DE008BAD90 /* SettingsView.swift */ = {isa = PBXFileReference; lastKnownFileType = sourcecode.swift; path = SettingsView.swift; sourceTree = "<group>"; };
		997BB8CB2BCE9228008BAD90 /* SettingsFlowCoordinator.swift */ = {isa = PBXFileReference; lastKnownFileType = sourcecode.swift; path = SettingsFlowCoordinator.swift; sourceTree = "<group>"; };
		997BB8CC2BCE9228008BAD90 /* SettingsFlowRouter.swift */ = {isa = PBXFileReference; lastKnownFileType = sourcecode.swift; path = SettingsFlowRouter.swift; sourceTree = "<group>"; };
		997BB8CF2BD02493008BAD90 /* ManageAccountView.swift */ = {isa = PBXFileReference; lastKnownFileType = sourcecode.swift; path = ManageAccountView.swift; sourceTree = "<group>"; };
		997BB8D12BD04943008BAD90 /* MyApp.entitlements */ = {isa = PBXFileReference; lastKnownFileType = text.plist.entitlements; path = MyApp.entitlements; sourceTree = "<group>"; };
/* End PBXFileReference section */

/* Begin PBXFrameworksBuildPhase section */
		99388F782BC935BC008342BD /* Frameworks */ = {
			isa = PBXFrameworksBuildPhase;
			buildActionMask = 2147483647;
			files = (
				99388FA22BC93CE5008342BD /* FirebaseDatabase in Frameworks */,
				99388FB02BC93CE5008342BD /* FirebaseFunctionsCombine-Community in Frameworks */,
				99388FA82BC93CE5008342BD /* FirebaseFirestore in Frameworks */,
				99388F942BC93CE5008342BD /* FirebaseAnalyticsSwift in Frameworks */,
				99388F902BC93CE5008342BD /* FirebaseAnalytics in Frameworks */,
				99388F922BC93CE5008342BD /* FirebaseAnalyticsOnDeviceConversion in Frameworks */,
				99388FB82BC93CE5008342BD /* FirebaseMLModelDownloader in Frameworks */,
				99388FAC2BC93CE5008342BD /* FirebaseFirestoreSwift in Frameworks */,
				99388F982BC93CE5008342BD /* FirebaseAppCheck in Frameworks */,
				99388F962BC93CE5008342BD /* FirebaseAnalyticsWithoutAdIdSupport in Frameworks */,
				99388F9C2BC93CE5008342BD /* FirebaseAuth in Frameworks */,
				99388FA02BC93CE5008342BD /* FirebaseCrashlytics in Frameworks */,
				99388FC02BC93CE5008342BD /* FirebaseRemoteConfigSwift in Frameworks */,
				99388FB22BC93CE5008342BD /* FirebaseInAppMessaging-Beta in Frameworks */,
				99388FA42BC93CE5008342BD /* FirebaseDatabaseSwift in Frameworks */,
				99388FAE2BC93CE5008342BD /* FirebaseFunctions in Frameworks */,
				99388FC42BC93CE5008342BD /* FirebaseStorageCombine-Community in Frameworks */,
				99388FBE2BC93CE5008342BD /* FirebaseRemoteConfig in Frameworks */,
				99388F9A2BC93CE5008342BD /* FirebaseAppDistribution-Beta in Frameworks */,
				99388F9E2BC93CE5008342BD /* FirebaseAuthCombine-Community in Frameworks */,
				99388FBC2BC93CE5008342BD /* FirebasePerformance in Frameworks */,
				99388FB42BC93CE5008342BD /* FirebaseInAppMessagingSwift-Beta in Frameworks */,
				99388FC22BC93CE5008342BD /* FirebaseStorage in Frameworks */,
				99388FA62BC93CE5008342BD /* FirebaseDynamicLinks in Frameworks */,
				99388FAA2BC93CE5008342BD /* FirebaseFirestoreCombine-Community in Frameworks */,
				99388FBA2BC93CE5008342BD /* FirebaseMessaging in Frameworks */,
				99388FB62BC93CE5008342BD /* FirebaseInstallations in Frameworks */,
			);
			runOnlyForDeploymentPostprocessing = 0;
		};
/* End PBXFrameworksBuildPhase section */

/* Begin PBXGroup section */
		99283BFF2BD28170002959F0 /* FirestoreDatabase */ = {
			isa = PBXGroup;
			children = (
				99283C002BD2819E002959F0 /* UserManager.swift */,
			);
			path = FirestoreDatabase;
			sourceTree = "<group>";
		};
		99297BC12BD11A3B0027169D /* ViewModels */ = {
			isa = PBXGroup;
			children = (
				99297BC22BD11A480027169D /* AuthenticationOptionsViewModel.swift */,
				99297BC42BD11A7F0027169D /* SignInWithEmailViewModel.swift */,
				99297BC62BD11A980027169D /* SignUpWithEmailViewModel.swift */,
				99297BC82BD11AD00027169D /* ResetPasswordViewModel.swift */,
			);
			path = ViewModels;
			sourceTree = "<group>";
		};
		99297BCA2BD11AF40027169D /* Views */ = {
			isa = PBXGroup;
			children = (
				99388FD22BC94C10008342BD /* HomeView.swift */,
			);
			path = Views;
			sourceTree = "<group>";
		};
		99297BCB2BD11AFA0027169D /* ViewModels */ = {
			isa = PBXGroup;
			children = (
				99297BCC2BD11B040027169D /* HomeViewModel.swift */,
			);
			path = ViewModels;
			sourceTree = "<group>";
		};
		99297BCE2BD11B270027169D /* Views */ = {
			isa = PBXGroup;
			children = (
				997BB8C82BCE91DE008BAD90 /* SettingsView.swift */,
				997BB8CF2BD02493008BAD90 /* ManageAccountView.swift */,
			);
			path = Views;
			sourceTree = "<group>";
		};
		99297BCF2BD11B2C0027169D /* ViewModels */ = {
			isa = PBXGroup;
			children = (
				99297BD02BD11B360027169D /* SettingsViewModel.swift */,
				99297BD22BD11B570027169D /* ManageAccountViewModel.swift */,
			);
			path = ViewModels;
			sourceTree = "<group>";
		};
		99388F722BC935BC008342BD = {
			isa = PBXGroup;
			children = (
				99388F7D2BC935BC008342BD /* MyApp */,
				99388F7C2BC935BC008342BD /* Products */,
			);
			sourceTree = "<group>";
		};
		99388F7C2BC935BC008342BD /* Products */ = {
			isa = PBXGroup;
			children = (
				99388F7B2BC935BC008342BD /* MyApp.app */,
			);
			name = Products;
			sourceTree = "<group>";
		};
		99388F7D2BC935BC008342BD /* MyApp */ = {
			isa = PBXGroup;
			children = (
				997BB8D12BD04943008BAD90 /* MyApp.entitlements */,
				99388F7E2BC935BC008342BD /* MyAppApp.swift */,
				99388FC52BC93D3A008342BD /* AppDelegate.swift */,
				9938B0A32BD3F69D00D448B0 /* Helpers */,
				99283BFF2BD28170002959F0 /* FirestoreDatabase */,
				99388FD82BCA95B5008342BD /* Navigation */,
				99388FC72BC93FCF008342BD /* Authentication */,
				99388FE52BCA9BD8008342BD /* Tabbar */,
				99388FD12BC94C01008342BD /* Home */,
				99388FEE2BCAA2E5008342BD /* Settings */,
				99388F822BC935BD008342BD /* Assets.xcassets */,
				99388F8C2BC935C8008342BD /* GoogleService-Info.plist */,
				99388F842BC935BD008342BD /* Preview Content */,
			);
			path = MyApp;
			sourceTree = "<group>";
		};
		99388F842BC935BD008342BD /* Preview Content */ = {
			isa = PBXGroup;
			children = (
				99388F852BC935BD008342BD /* Preview Assets.xcassets */,
			);
			path = "Preview Content";
			sourceTree = "<group>";
		};
		99388FC72BC93FCF008342BD /* Authentication */ = {
			isa = PBXGroup;
			children = (
				99388FCD2BC94261008342BD /* AuthManager.swift */,
				997BB8C52BCE8B26008BAD90 /* Coordinator */,
				99388FCC2BC94254008342BD /* Views */,
				99297BC12BD11A3B0027169D /* ViewModels */,
			);
			path = Authentication;
			sourceTree = "<group>";
		};
		99388FCC2BC94254008342BD /* Views */ = {
			isa = PBXGroup;
			children = (
				99388FCA2BC94143008342BD /* AuthenticationOptionsView.swift */,
				99388FC82BC93FDC008342BD /* SignInWithEmailView.swift */,
				99388FD42BC98D05008342BD /* SignUpWithEmailView.swift */,
				99388FD62BC9902E008342BD /* ResetPasswordView.swift */,
			);
			path = Views;
			sourceTree = "<group>";
		};
		99388FD12BC94C01008342BD /* Home */ = {
			isa = PBXGroup;
			children = (
				99388FE92BCA9DC2008342BD /* Coordinator */,
				99297BCA2BD11AF40027169D /* Views */,
				99297BCB2BD11AFA0027169D /* ViewModels */,
			);
			path = Home;
			sourceTree = "<group>";
		};
		99388FD82BCA95B5008342BD /* Navigation */ = {
			isa = PBXGroup;
			children = (
				99388FDD2BCA96BA008342BD /* Coordinator */,
				99388FE22BCA993A008342BD /* AppCoordinator.swift */,
				99388FE62BCA9BED008342BD /* AppRouter.swift */,
			);
			path = Navigation;
			sourceTree = "<group>";
		};
		99388FDD2BCA96BA008342BD /* Coordinator */ = {
			isa = PBXGroup;
			children = (
				99388FE42BCA9BBC008342BD /* Protocols */,
			);
			path = Coordinator;
			sourceTree = "<group>";
		};
		99388FE42BCA9BBC008342BD /* Protocols */ = {
			isa = PBXGroup;
			children = (
				99388FD92BCA963E008342BD /* Coordinator.swift */,
				99388FDB2BCA9651008342BD /* NavigationRouter.swift */,
			);
			path = Protocols;
			sourceTree = "<group>";
		};
		99388FE52BCA9BD8008342BD /* Tabbar */ = {
			isa = PBXGroup;
			children = (
				99388FE82BCA9DBA008342BD /* Coordinator */,
			);
			path = Tabbar;
			sourceTree = "<group>";
		};
		99388FE82BCA9DBA008342BD /* Coordinator */ = {
			isa = PBXGroup;
			children = (
				99388FDE2BCA96DD008342BD /* TabbarCoordinator.swift */,
				99388FE02BCA96EA008342BD /* TabbarRouter.swift */,
			);
			path = Coordinator;
			sourceTree = "<group>";
		};
		99388FE92BCA9DC2008342BD /* Coordinator */ = {
			isa = PBXGroup;
			children = (
				99388FEA2BCA9DCD008342BD /* HomeFlowRouter.swift */,
				99388FEB2BCA9DCD008342BD /* HomeFlowCoordinator.swift */,
			);
			path = Coordinator;
			sourceTree = "<group>";
		};
		99388FEE2BCAA2E5008342BD /* Settings */ = {
			isa = PBXGroup;
			children = (
				997BB8CA2BCE9228008BAD90 /* Coordinator */,
				99297BCE2BD11B270027169D /* Views */,
				99297BCF2BD11B2C0027169D /* ViewModels */,
			);
			path = Settings;
			sourceTree = "<group>";
		};
		9938B0A32BD3F69D00D448B0 /* Helpers */ = {
			isa = PBXGroup;
			children = (
				9938B0A42BD3F71000D448B0 /* Coordinator+UIAlert.swift */,
				9938B0A62BD43B1500D448B0 /* Coordinator+AppTrackingTransparency.swift */,
			);
			path = Helpers;
			sourceTree = "<group>";
		};
		997BB8C52BCE8B26008BAD90 /* Coordinator */ = {
			isa = PBXGroup;
			children = (
				997BB8C32BCE8B1F008BAD90 /* AuthenticationFlowCoordinator.swift */,
				997BB8C62BCE8B2B008BAD90 /* AuthenticationFlowRouter.swift */,
			);
			path = Coordinator;
			sourceTree = "<group>";
		};
		997BB8CA2BCE9228008BAD90 /* Coordinator */ = {
			isa = PBXGroup;
			children = (
				997BB8CC2BCE9228008BAD90 /* SettingsFlowRouter.swift */,
				997BB8CB2BCE9228008BAD90 /* SettingsFlowCoordinator.swift */,
			);
			path = Coordinator;
			sourceTree = "<group>";
		};
/* End PBXGroup section */

/* Begin PBXNativeTarget section */
		99388F7A2BC935BC008342BD /* MyApp */ = {
			isa = PBXNativeTarget;
			buildConfigurationList = 99388F892BC935BD008342BD /* Build configuration list for PBXNativeTarget "MyApp" */;
			buildPhases = (
				99388F772BC935BC008342BD /* Sources */,
				99388F782BC935BC008342BD /* Frameworks */,
				99388F792BC935BC008342BD /* Resources */,
			);
			buildRules = (
			);
			dependencies = (
			);
			name = MyApp;
			packageProductDependencies = (
				99388F8F2BC93CE5008342BD /* FirebaseAnalytics */,
				99388F912BC93CE5008342BD /* FirebaseAnalyticsOnDeviceConversion */,
				99388F932BC93CE5008342BD /* FirebaseAnalyticsSwift */,
				99388F952BC93CE5008342BD /* FirebaseAnalyticsWithoutAdIdSupport */,
				99388F972BC93CE5008342BD /* FirebaseAppCheck */,
				99388F992BC93CE5008342BD /* FirebaseAppDistribution-Beta */,
				99388F9B2BC93CE5008342BD /* FirebaseAuth */,
				99388F9D2BC93CE5008342BD /* FirebaseAuthCombine-Community */,
				99388F9F2BC93CE5008342BD /* FirebaseCrashlytics */,
				99388FA12BC93CE5008342BD /* FirebaseDatabase */,
				99388FA32BC93CE5008342BD /* FirebaseDatabaseSwift */,
				99388FA52BC93CE5008342BD /* FirebaseDynamicLinks */,
				99388FA72BC93CE5008342BD /* FirebaseFirestore */,
				99388FA92BC93CE5008342BD /* FirebaseFirestoreCombine-Community */,
				99388FAB2BC93CE5008342BD /* FirebaseFirestoreSwift */,
				99388FAD2BC93CE5008342BD /* FirebaseFunctions */,
				99388FAF2BC93CE5008342BD /* FirebaseFunctionsCombine-Community */,
				99388FB12BC93CE5008342BD /* FirebaseInAppMessaging-Beta */,
				99388FB32BC93CE5008342BD /* FirebaseInAppMessagingSwift-Beta */,
				99388FB52BC93CE5008342BD /* FirebaseInstallations */,
				99388FB72BC93CE5008342BD /* FirebaseMLModelDownloader */,
				99388FB92BC93CE5008342BD /* FirebaseMessaging */,
				99388FBB2BC93CE5008342BD /* FirebasePerformance */,
				99388FBD2BC93CE5008342BD /* FirebaseRemoteConfig */,
				99388FBF2BC93CE5008342BD /* FirebaseRemoteConfigSwift */,
				99388FC12BC93CE5008342BD /* FirebaseStorage */,
				99388FC32BC93CE5008342BD /* FirebaseStorageCombine-Community */,
			);
			productName = MyApp;
			productReference = 99388F7B2BC935BC008342BD /* MyApp.app */;
			productType = "com.apple.product-type.application";
		};
/* End PBXNativeTarget section */

/* Begin PBXProject section */
		99388F732BC935BC008342BD /* Project object */ = {
			isa = PBXProject;
			attributes = {
				BuildIndependentTargetsInParallel = 1;
				LastSwiftUpdateCheck = 1500;
				LastUpgradeCheck = 1500;
				TargetAttributes = {
					99388F7A2BC935BC008342BD = {
						CreatedOnToolsVersion = 15.0;
					};
				};
			};
			buildConfigurationList = 99388F762BC935BC008342BD /* Build configuration list for PBXProject "MyApp" */;
			compatibilityVersion = "Xcode 14.0";
			developmentRegion = en;
			hasScannedForEncodings = 0;
			knownRegions = (
				en,
				Base,
			);
			mainGroup = 99388F722BC935BC008342BD;
			packageReferences = (
				99388F8E2BC93CE5008342BD /* XCRemoteSwiftPackageReference "firebase-ios-sdk" */,
			);
			productRefGroup = 99388F7C2BC935BC008342BD /* Products */;
			projectDirPath = "";
			projectRoot = "";
			targets = (
				99388F7A2BC935BC008342BD /* MyApp */,
			);
		};
/* End PBXProject section */

/* Begin PBXResourcesBuildPhase section */
		99388F792BC935BC008342BD /* Resources */ = {
			isa = PBXResourcesBuildPhase;
			buildActionMask = 2147483647;
			files = (
				99388F862BC935BD008342BD /* Preview Assets.xcassets in Resources */,
				99388F832BC935BD008342BD /* Assets.xcassets in Resources */,
				99388F8D2BC935C8008342BD /* GoogleService-Info.plist in Resources */,
			);
			runOnlyForDeploymentPostprocessing = 0;
		};
/* End PBXResourcesBuildPhase section */

/* Begin PBXSourcesBuildPhase section */
		99388F772BC935BC008342BD /* Sources */ = {
			isa = PBXSourcesBuildPhase;
			buildActionMask = 2147483647;
			files = (
				997BB8C72BCE8B2B008BAD90 /* AuthenticationFlowRouter.swift in Sources */,
				99388FC62BC93D3A008342BD /* AppDelegate.swift in Sources */,
				99388FE32BCA993A008342BD /* AppCoordinator.swift in Sources */,
				99297BC52BD11A7F0027169D /* SignInWithEmailViewModel.swift in Sources */,
				99388FD32BC94C10008342BD /* HomeView.swift in Sources */,
				99388FDA2BCA963E008342BD /* Coordinator.swift in Sources */,
				997BB8CD2BCE9229008BAD90 /* SettingsFlowCoordinator.swift in Sources */,
				99388FCE2BC94261008342BD /* AuthManager.swift in Sources */,
				99297BC32BD11A480027169D /* AuthenticationOptionsViewModel.swift in Sources */,
				99297BC92BD11AD00027169D /* ResetPasswordViewModel.swift in Sources */,
				99297BCD2BD11B040027169D /* HomeViewModel.swift in Sources */,
				99388FD52BC98D05008342BD /* SignUpWithEmailView.swift in Sources */,
				99388FDC2BCA9651008342BD /* NavigationRouter.swift in Sources */,
				99388FC92BC93FDC008342BD /* SignInWithEmailView.swift in Sources */,
				997BB8C42BCE8B1F008BAD90 /* AuthenticationFlowCoordinator.swift in Sources */,
				99388FED2BCAA25C008342BD /* HomeFlowRouter.swift in Sources */,
				99388F7F2BC935BC008342BD /* MyAppApp.swift in Sources */,
				997BB8C92BCE91EC008BAD90 /* SettingsView.swift in Sources */,
				99283C012BD2819E002959F0 /* UserManager.swift in Sources */,
				997BB8D02BD02494008BAD90 /* ManageAccountView.swift in Sources */,
				99388FD72BC9902E008342BD /* ResetPasswordView.swift in Sources */,
				99388FE72BCA9BED008342BD /* AppRouter.swift in Sources */,
				99388FDF2BCA96DD008342BD /* TabbarCoordinator.swift in Sources */,
				99388FEC2BCAA25A008342BD /* HomeFlowCoordinator.swift in Sources */,
				99388FE12BCA96EA008342BD /* TabbarRouter.swift in Sources */,
				9938B0A72BD43B1600D448B0 /* Coordinator+AppTrackingTransparency.swift in Sources */,
				9938B0A52BD3F71000D448B0 /* Coordinator+UIAlert.swift in Sources */,
				99297BC72BD11A980027169D /* SignUpWithEmailViewModel.swift in Sources */,
				99388FCB2BC94143008342BD /* AuthenticationOptionsView.swift in Sources */,
				997BB8CE2BCE9229008BAD90 /* SettingsFlowRouter.swift in Sources */,
				99297BD12BD11B360027169D /* SettingsViewModel.swift in Sources */,
				99297BD32BD11B570027169D /* ManageAccountViewModel.swift in Sources */,
			);
			runOnlyForDeploymentPostprocessing = 0;
		};
/* End PBXSourcesBuildPhase section */

/* Begin XCBuildConfiguration section */
		99388F872BC935BD008342BD /* Debug */ = {
			isa = XCBuildConfiguration;
			buildSettings = {
				ALWAYS_SEARCH_USER_PATHS = NO;
				ASSETCATALOG_COMPILER_GENERATE_SWIFT_ASSET_SYMBOL_EXTENSIONS = YES;
				CLANG_ANALYZER_NONNULL = YES;
				CLANG_ANALYZER_NUMBER_OBJECT_CONVERSION = YES_AGGRESSIVE;
				CLANG_CXX_LANGUAGE_STANDARD = "gnu++20";
				CLANG_ENABLE_MODULES = YES;
				CLANG_ENABLE_OBJC_ARC = YES;
				CLANG_ENABLE_OBJC_WEAK = YES;
				CLANG_WARN_BLOCK_CAPTURE_AUTORELEASING = YES;
				CLANG_WARN_BOOL_CONVERSION = YES;
				CLANG_WARN_COMMA = YES;
				CLANG_WARN_CONSTANT_CONVERSION = YES;
				CLANG_WARN_DEPRECATED_OBJC_IMPLEMENTATIONS = YES;
				CLANG_WARN_DIRECT_OBJC_ISA_USAGE = YES_ERROR;
				CLANG_WARN_DOCUMENTATION_COMMENTS = YES;
				CLANG_WARN_EMPTY_BODY = YES;
				CLANG_WARN_ENUM_CONVERSION = YES;
				CLANG_WARN_INFINITE_RECURSION = YES;
				CLANG_WARN_INT_CONVERSION = YES;
				CLANG_WARN_NON_LITERAL_NULL_CONVERSION = YES;
				CLANG_WARN_OBJC_IMPLICIT_RETAIN_SELF = YES;
				CLANG_WARN_OBJC_LITERAL_CONVERSION = YES;
				CLANG_WARN_OBJC_ROOT_CLASS = YES_ERROR;
				CLANG_WARN_QUOTED_INCLUDE_IN_FRAMEWORK_HEADER = YES;
				CLANG_WARN_RANGE_LOOP_ANALYSIS = YES;
				CLANG_WARN_STRICT_PROTOTYPES = YES;
				CLANG_WARN_SUSPICIOUS_MOVE = YES;
				CLANG_WARN_UNGUARDED_AVAILABILITY = YES_AGGRESSIVE;
				CLANG_WARN_UNREACHABLE_CODE = YES;
				CLANG_WARN__DUPLICATE_METHOD_MATCH = YES;
				COPY_PHASE_STRIP = NO;
				DEBUG_INFORMATION_FORMAT = dwarf;
				ENABLE_STRICT_OBJC_MSGSEND = YES;
				ENABLE_TESTABILITY = YES;
				ENABLE_USER_SCRIPT_SANDBOXING = YES;
				GCC_C_LANGUAGE_STANDARD = gnu17;
				GCC_DYNAMIC_NO_PIC = NO;
				GCC_NO_COMMON_BLOCKS = YES;
				GCC_OPTIMIZATION_LEVEL = 0;
				GCC_PREPROCESSOR_DEFINITIONS = (
					"DEBUG=1",
					"$(inherited)",
				);
				GCC_WARN_64_TO_32_BIT_CONVERSION = YES;
				GCC_WARN_ABOUT_RETURN_TYPE = YES_ERROR;
				GCC_WARN_UNDECLARED_SELECTOR = YES;
				GCC_WARN_UNINITIALIZED_AUTOS = YES_AGGRESSIVE;
				GCC_WARN_UNUSED_FUNCTION = YES;
				GCC_WARN_UNUSED_VARIABLE = YES;
				IPHONEOS_DEPLOYMENT_TARGET = 17.0;
				LOCALIZATION_PREFERS_STRING_CATALOGS = YES;
				MTL_ENABLE_DEBUG_INFO = INCLUDE_SOURCE;
				MTL_FAST_MATH = YES;
				ONLY_ACTIVE_ARCH = YES;
				SDKROOT = iphoneos;
				SWIFT_ACTIVE_COMPILATION_CONDITIONS = "DEBUG $(inherited)";
				SWIFT_OPTIMIZATION_LEVEL = "-Onone";
			};
			name = Debug;
		};
		99388F882BC935BD008342BD /* Release */ = {
			isa = XCBuildConfiguration;
			buildSettings = {
				ALWAYS_SEARCH_USER_PATHS = NO;
				ASSETCATALOG_COMPILER_GENERATE_SWIFT_ASSET_SYMBOL_EXTENSIONS = YES;
				CLANG_ANALYZER_NONNULL = YES;
				CLANG_ANALYZER_NUMBER_OBJECT_CONVERSION = YES_AGGRESSIVE;
				CLANG_CXX_LANGUAGE_STANDARD = "gnu++20";
				CLANG_ENABLE_MODULES = YES;
				CLANG_ENABLE_OBJC_ARC = YES;
				CLANG_ENABLE_OBJC_WEAK = YES;
				CLANG_WARN_BLOCK_CAPTURE_AUTORELEASING = YES;
				CLANG_WARN_BOOL_CONVERSION = YES;
				CLANG_WARN_COMMA = YES;
				CLANG_WARN_CONSTANT_CONVERSION = YES;
				CLANG_WARN_DEPRECATED_OBJC_IMPLEMENTATIONS = YES;
				CLANG_WARN_DIRECT_OBJC_ISA_USAGE = YES_ERROR;
				CLANG_WARN_DOCUMENTATION_COMMENTS = YES;
				CLANG_WARN_EMPTY_BODY = YES;
				CLANG_WARN_ENUM_CONVERSION = YES;
				CLANG_WARN_INFINITE_RECURSION = YES;
				CLANG_WARN_INT_CONVERSION = YES;
				CLANG_WARN_NON_LITERAL_NULL_CONVERSION = YES;
				CLANG_WARN_OBJC_IMPLICIT_RETAIN_SELF = YES;
				CLANG_WARN_OBJC_LITERAL_CONVERSION = YES;
				CLANG_WARN_OBJC_ROOT_CLASS = YES_ERROR;
				CLANG_WARN_QUOTED_INCLUDE_IN_FRAMEWORK_HEADER = YES;
				CLANG_WARN_RANGE_LOOP_ANALYSIS = YES;
				CLANG_WARN_STRICT_PROTOTYPES = YES;
				CLANG_WARN_SUSPICIOUS_MOVE = YES;
				CLANG_WARN_UNGUARDED_AVAILABILITY = YES_AGGRESSIVE;
				CLANG_WARN_UNREACHABLE_CODE = YES;
				CLANG_WARN__DUPLICATE_METHOD_MATCH = YES;
				COPY_PHASE_STRIP = NO;
				DEBUG_INFORMATION_FORMAT = "dwarf-with-dsym";
				ENABLE_NS_ASSERTIONS = NO;
				ENABLE_STRICT_OBJC_MSGSEND = YES;
				ENABLE_USER_SCRIPT_SANDBOXING = YES;
				GCC_C_LANGUAGE_STANDARD = gnu17;
				GCC_NO_COMMON_BLOCKS = YES;
				GCC_WARN_64_TO_32_BIT_CONVERSION = YES;
				GCC_WARN_ABOUT_RETURN_TYPE = YES_ERROR;
				GCC_WARN_UNDECLARED_SELECTOR = YES;
				GCC_WARN_UNINITIALIZED_AUTOS = YES_AGGRESSIVE;
				GCC_WARN_UNUSED_FUNCTION = YES;
				GCC_WARN_UNUSED_VARIABLE = YES;
				IPHONEOS_DEPLOYMENT_TARGET = 17.0;
				LOCALIZATION_PREFERS_STRING_CATALOGS = YES;
				MTL_ENABLE_DEBUG_INFO = NO;
				MTL_FAST_MATH = YES;
				SDKROOT = iphoneos;
				SWIFT_COMPILATION_MODE = wholemodule;
				VALIDATE_PRODUCT = YES;
			};
			name = Release;
		};
		99388F8A2BC935BD008342BD /* Debug */ = {
			isa = XCBuildConfiguration;
			buildSettings = {
				ASSETCATALOG_COMPILER_APPICON_NAME = AppIcon;
				ASSETCATALOG_COMPILER_GLOBAL_ACCENT_COLOR_NAME = AccentColor;
				CODE_SIGN_ENTITLEMENTS = MyApp/MyApp.entitlements;
				CODE_SIGN_STYLE = Automatic;
				CURRENT_PROJECT_VERSION = 1;
				DEVELOPMENT_ASSET_PATHS = "\"MyApp/Preview Content\"";
				DEVELOPMENT_TEAM = BLYH847VK6;
				ENABLE_PREVIEWS = YES;
				GENERATE_INFOPLIST_FILE = YES;
				INFOPLIST_KEY_NSUserTrackingUsageDescription = "Would you like to get personalised ads?";
				INFOPLIST_KEY_UIApplicationSceneManifest_Generation = YES;
				INFOPLIST_KEY_UIApplicationSupportsIndirectInputEvents = YES;
				INFOPLIST_KEY_UILaunchScreen_Generation = YES;
				INFOPLIST_KEY_UISupportedInterfaceOrientations_iPad = "UIInterfaceOrientationPortrait UIInterfaceOrientationPortraitUpsideDown UIInterfaceOrientationLandscapeLeft UIInterfaceOrientationLandscapeRight";
				INFOPLIST_KEY_UISupportedInterfaceOrientations_iPhone = "UIInterfaceOrientationPortrait UIInterfaceOrientationLandscapeLeft UIInterfaceOrientationLandscapeRight";
				LD_RUNPATH_SEARCH_PATHS = (
					"$(inherited)",
					"@executable_path/Frameworks",
				);
				MARKETING_VERSION = 1.0;
				PRODUCT_BUNDLE_IDENTIFIER = com.corp.MyApp;
				PRODUCT_NAME = "$(TARGET_NAME)";
				SWIFT_EMIT_LOC_STRINGS = YES;
				SWIFT_VERSION = 5.0;
				TARGETED_DEVICE_FAMILY = "1,2";
			};
			name = Debug;
		};
		99388F8B2BC935BD008342BD /* Release */ = {
			isa = XCBuildConfiguration;
			buildSettings = {
				ASSETCATALOG_COMPILER_APPICON_NAME = AppIcon;
				ASSETCATALOG_COMPILER_GLOBAL_ACCENT_COLOR_NAME = AccentColor;
				CODE_SIGN_ENTITLEMENTS = MyApp/MyApp.entitlements;
				CODE_SIGN_STYLE = Automatic;
				CURRENT_PROJECT_VERSION = 1;
				DEVELOPMENT_ASSET_PATHS = "\"MyApp/Preview Content\"";
				DEVELOPMENT_TEAM = BLYH847VK6;
				ENABLE_PREVIEWS = YES;
				GENERATE_INFOPLIST_FILE = YES;
				INFOPLIST_KEY_NSUserTrackingUsageDescription = "Would you like to get personalised ads?";
				INFOPLIST_KEY_UIApplicationSceneManifest_Generation = YES;
				INFOPLIST_KEY_UIApplicationSupportsIndirectInputEvents = YES;
				INFOPLIST_KEY_UILaunchScreen_Generation = YES;
				INFOPLIST_KEY_UISupportedInterfaceOrientations_iPad = "UIInterfaceOrientationPortrait UIInterfaceOrientationPortraitUpsideDown UIInterfaceOrientationLandscapeLeft UIInterfaceOrientationLandscapeRight";
				INFOPLIST_KEY_UISupportedInterfaceOrientations_iPhone = "UIInterfaceOrientationPortrait UIInterfaceOrientationLandscapeLeft UIInterfaceOrientationLandscapeRight";
				LD_RUNPATH_SEARCH_PATHS = (
					"$(inherited)",
					"@executable_path/Frameworks",
				);
				MARKETING_VERSION = 1.0;
				PRODUCT_BUNDLE_IDENTIFIER = com.corp.MyApp;
				PRODUCT_NAME = "$(TARGET_NAME)";
				SWIFT_EMIT_LOC_STRINGS = YES;
				SWIFT_VERSION = 5.0;
				TARGETED_DEVICE_FAMILY = "1,2";
			};
			name = Release;
		};
/* End XCBuildConfiguration section */

/* Begin XCConfigurationList section */
		99388F762BC935BC008342BD /* Build configuration list for PBXProject "MyApp" */ = {
			isa = XCConfigurationList;
			buildConfigurations = (
				99388F872BC935BD008342BD /* Debug */,
				99388F882BC935BD008342BD /* Release */,
			);
			defaultConfigurationIsVisible = 0;
			defaultConfigurationName = Release;
		};
		99388F892BC935BD008342BD /* Build configuration list for PBXNativeTarget "MyApp" */ = {
			isa = XCConfigurationList;
			buildConfigurations = (
				99388F8A2BC935BD008342BD /* Debug */,
				99388F8B2BC935BD008342BD /* Release */,
			);
			defaultConfigurationIsVisible = 0;
			defaultConfigurationName = Release;
		};
/* End XCConfigurationList section */

/* Begin XCRemoteSwiftPackageReference section */
		99388F8E2BC93CE5008342BD /* XCRemoteSwiftPackageReference "firebase-ios-sdk" */ = {
			isa = XCRemoteSwiftPackageReference;
			repositoryURL = "https://github.com/firebase/firebase-ios-sdk";
			requirement = {
				kind = upToNextMajorVersion;
				minimumVersion = 10.24.0;
			};
		};
/* End XCRemoteSwiftPackageReference section */

/* Begin XCSwiftPackageProductDependency section */
		99388F8F2BC93CE5008342BD /* FirebaseAnalytics */ = {
			isa = XCSwiftPackageProductDependency;
			package = 99388F8E2BC93CE5008342BD /* XCRemoteSwiftPackageReference "firebase-ios-sdk" */;
			productName = FirebaseAnalytics;
		};
		99388F912BC93CE5008342BD /* FirebaseAnalyticsOnDeviceConversion */ = {
			isa = XCSwiftPackageProductDependency;
			package = 99388F8E2BC93CE5008342BD /* XCRemoteSwiftPackageReference "firebase-ios-sdk" */;
			productName = FirebaseAnalyticsOnDeviceConversion;
		};
		99388F932BC93CE5008342BD /* FirebaseAnalyticsSwift */ = {
			isa = XCSwiftPackageProductDependency;
			package = 99388F8E2BC93CE5008342BD /* XCRemoteSwiftPackageReference "firebase-ios-sdk" */;
			productName = FirebaseAnalyticsSwift;
		};
		99388F952BC93CE5008342BD /* FirebaseAnalyticsWithoutAdIdSupport */ = {
			isa = XCSwiftPackageProductDependency;
			package = 99388F8E2BC93CE5008342BD /* XCRemoteSwiftPackageReference "firebase-ios-sdk" */;
			productName = FirebaseAnalyticsWithoutAdIdSupport;
		};
		99388F972BC93CE5008342BD /* FirebaseAppCheck */ = {
			isa = XCSwiftPackageProductDependency;
			package = 99388F8E2BC93CE5008342BD /* XCRemoteSwiftPackageReference "firebase-ios-sdk" */;
			productName = FirebaseAppCheck;
		};
		99388F992BC93CE5008342BD /* FirebaseAppDistribution-Beta */ = {
			isa = XCSwiftPackageProductDependency;
			package = 99388F8E2BC93CE5008342BD /* XCRemoteSwiftPackageReference "firebase-ios-sdk" */;
			productName = "FirebaseAppDistribution-Beta";
		};
		99388F9B2BC93CE5008342BD /* FirebaseAuth */ = {
			isa = XCSwiftPackageProductDependency;
			package = 99388F8E2BC93CE5008342BD /* XCRemoteSwiftPackageReference "firebase-ios-sdk" */;
			productName = FirebaseAuth;
		};
		99388F9D2BC93CE5008342BD /* FirebaseAuthCombine-Community */ = {
			isa = XCSwiftPackageProductDependency;
			package = 99388F8E2BC93CE5008342BD /* XCRemoteSwiftPackageReference "firebase-ios-sdk" */;
			productName = "FirebaseAuthCombine-Community";
		};
		99388F9F2BC93CE5008342BD /* FirebaseCrashlytics */ = {
			isa = XCSwiftPackageProductDependency;
			package = 99388F8E2BC93CE5008342BD /* XCRemoteSwiftPackageReference "firebase-ios-sdk" */;
			productName = FirebaseCrashlytics;
		};
		99388FA12BC93CE5008342BD /* FirebaseDatabase */ = {
			isa = XCSwiftPackageProductDependency;
			package = 99388F8E2BC93CE5008342BD /* XCRemoteSwiftPackageReference "firebase-ios-sdk" */;
			productName = FirebaseDatabase;
		};
		99388FA32BC93CE5008342BD /* FirebaseDatabaseSwift */ = {
			isa = XCSwiftPackageProductDependency;
			package = 99388F8E2BC93CE5008342BD /* XCRemoteSwiftPackageReference "firebase-ios-sdk" */;
			productName = FirebaseDatabaseSwift;
		};
		99388FA52BC93CE5008342BD /* FirebaseDynamicLinks */ = {
			isa = XCSwiftPackageProductDependency;
			package = 99388F8E2BC93CE5008342BD /* XCRemoteSwiftPackageReference "firebase-ios-sdk" */;
			productName = FirebaseDynamicLinks;
		};
		99388FA72BC93CE5008342BD /* FirebaseFirestore */ = {
			isa = XCSwiftPackageProductDependency;
			package = 99388F8E2BC93CE5008342BD /* XCRemoteSwiftPackageReference "firebase-ios-sdk" */;
			productName = FirebaseFirestore;
		};
		99388FA92BC93CE5008342BD /* FirebaseFirestoreCombine-Community */ = {
			isa = XCSwiftPackageProductDependency;
			package = 99388F8E2BC93CE5008342BD /* XCRemoteSwiftPackageReference "firebase-ios-sdk" */;
			productName = "FirebaseFirestoreCombine-Community";
		};
		99388FAB2BC93CE5008342BD /* FirebaseFirestoreSwift */ = {
			isa = XCSwiftPackageProductDependency;
			package = 99388F8E2BC93CE5008342BD /* XCRemoteSwiftPackageReference "firebase-ios-sdk" */;
			productName = FirebaseFirestoreSwift;
		};
		99388FAD2BC93CE5008342BD /* FirebaseFunctions */ = {
			isa = XCSwiftPackageProductDependency;
			package = 99388F8E2BC93CE5008342BD /* XCRemoteSwiftPackageReference "firebase-ios-sdk" */;
			productName = FirebaseFunctions;
		};
		99388FAF2BC93CE5008342BD /* FirebaseFunctionsCombine-Community */ = {
			isa = XCSwiftPackageProductDependency;
			package = 99388F8E2BC93CE5008342BD /* XCRemoteSwiftPackageReference "firebase-ios-sdk" */;
			productName = "FirebaseFunctionsCombine-Community";
		};
		99388FB12BC93CE5008342BD /* FirebaseInAppMessaging-Beta */ = {
			isa = XCSwiftPackageProductDependency;
			package = 99388F8E2BC93CE5008342BD /* XCRemoteSwiftPackageReference "firebase-ios-sdk" */;
			productName = "FirebaseInAppMessaging-Beta";
		};
		99388FB32BC93CE5008342BD /* FirebaseInAppMessagingSwift-Beta */ = {
			isa = XCSwiftPackageProductDependency;
			package = 99388F8E2BC93CE5008342BD /* XCRemoteSwiftPackageReference "firebase-ios-sdk" */;
			productName = "FirebaseInAppMessagingSwift-Beta";
		};
		99388FB52BC93CE5008342BD /* FirebaseInstallations */ = {
			isa = XCSwiftPackageProductDependency;
			package = 99388F8E2BC93CE5008342BD /* XCRemoteSwiftPackageReference "firebase-ios-sdk" */;
			productName = FirebaseInstallations;
		};
		99388FB72BC93CE5008342BD /* FirebaseMLModelDownloader */ = {
			isa = XCSwiftPackageProductDependency;
			package = 99388F8E2BC93CE5008342BD /* XCRemoteSwiftPackageReference "firebase-ios-sdk" */;
			productName = FirebaseMLModelDownloader;
		};
		99388FB92BC93CE5008342BD /* FirebaseMessaging */ = {
			isa = XCSwiftPackageProductDependency;
			package = 99388F8E2BC93CE5008342BD /* XCRemoteSwiftPackageReference "firebase-ios-sdk" */;
			productName = FirebaseMessaging;
		};
		99388FBB2BC93CE5008342BD /* FirebasePerformance */ = {
			isa = XCSwiftPackageProductDependency;
			package = 99388F8E2BC93CE5008342BD /* XCRemoteSwiftPackageReference "firebase-ios-sdk" */;
			productName = FirebasePerformance;
		};
		99388FBD2BC93CE5008342BD /* FirebaseRemoteConfig */ = {
			isa = XCSwiftPackageProductDependency;
			package = 99388F8E2BC93CE5008342BD /* XCRemoteSwiftPackageReference "firebase-ios-sdk" */;
			productName = FirebaseRemoteConfig;
		};
		99388FBF2BC93CE5008342BD /* FirebaseRemoteConfigSwift */ = {
			isa = XCSwiftPackageProductDependency;
			package = 99388F8E2BC93CE5008342BD /* XCRemoteSwiftPackageReference "firebase-ios-sdk" */;
			productName = FirebaseRemoteConfigSwift;
		};
		99388FC12BC93CE5008342BD /* FirebaseStorage */ = {
			isa = XCSwiftPackageProductDependency;
			package = 99388F8E2BC93CE5008342BD /* XCRemoteSwiftPackageReference "firebase-ios-sdk" */;
			productName = FirebaseStorage;
		};
		99388FC32BC93CE5008342BD /* FirebaseStorageCombine-Community */ = {
			isa = XCSwiftPackageProductDependency;
			package = 99388F8E2BC93CE5008342BD /* XCRemoteSwiftPackageReference "firebase-ios-sdk" */;
			productName = "FirebaseStorageCombine-Community";
		};
/* End XCSwiftPackageProductDependency section */
	};
	rootObject = 99388F732BC935BC008342BD /* Project object */;
}
